// !$*UTF8*$!
{
	archiveVersion = 1;
	classes = {
	};
	objectVersion = 56;
	objects = {

/* Begin PBXBuildFile section */
		B70057BC29CC7D1E00819E19 /* UtilisateurViewModel.swift in Sources */ = {isa = PBXBuildFile; fileRef = B70057BB29CC7D1E00819E19 /* UtilisateurViewModel.swift */; };
		B70057BF29CC7E4B00819E19 /* UtilisateurState.swift in Sources */ = {isa = PBXBuildFile; fileRef = B70057BE29CC7E4B00819E19 /* UtilisateurState.swift */; };
		B70057C229CC7F1900819E19 /* UtilisateurDTO.swift in Sources */ = {isa = PBXBuildFile; fileRef = B70057C129CC7F1900819E19 /* UtilisateurDTO.swift */; };
		B70057C529CC802300819E19 /* UtilisateurModelObserver.swift in Sources */ = {isa = PBXBuildFile; fileRef = B70057C429CC802300819E19 /* UtilisateurModelObserver.swift */; };
		B70057C729CC80BA00819E19 /* JSONHelper.swift in Sources */ = {isa = PBXBuildFile; fileRef = B70057C629CC80BA00819E19 /* JSONHelper.swift */; };
		B70057CA29CC83F000819E19 /* UtilisateurListIntent.swift in Sources */ = {isa = PBXBuildFile; fileRef = B70057C929CC83F000819E19 /* UtilisateurListIntent.swift */; };
		B70057CC29CC841A00819E19 /* UtilisateurListViewModel.swift in Sources */ = {isa = PBXBuildFile; fileRef = B70057CB29CC841A00819E19 /* UtilisateurListViewModel.swift */; };
		B70057CF29CC882D00819E19 /* UtilisateurListView.swift in Sources */ = {isa = PBXBuildFile; fileRef = B70057CE29CC882D00819E19 /* UtilisateurListView.swift */; };
		B70057D129CC88BC00819E19 /* UtilisateurItemView.swift in Sources */ = {isa = PBXBuildFile; fileRef = B70057D029CC88BC00819E19 /* UtilisateurItemView.swift */; };
		B70057D429CC956900819E19 /* FestivalModelObserver.swift in Sources */ = {isa = PBXBuildFile; fileRef = B70057D329CC956900819E19 /* FestivalModelObserver.swift */; };
		B70057D729CC957E00819E19 /* FestivalState.swift in Sources */ = {isa = PBXBuildFile; fileRef = B70057D629CC957E00819E19 /* FestivalState.swift */; };
		B70057D929CC97D900819E19 /* UtilisateurListState.swift in Sources */ = {isa = PBXBuildFile; fileRef = B70057D829CC97D900819E19 /* UtilisateurListState.swift */; };
		B70057DB29CC990100819E19 /* UtilisateurIntent.swift in Sources */ = {isa = PBXBuildFile; fileRef = B70057DA29CC990100819E19 /* UtilisateurIntent.swift */; };
		B70057DD29CC99B200819E19 /* FestivalListState.swift in Sources */ = {isa = PBXBuildFile; fileRef = B70057DC29CC99B200819E19 /* FestivalListState.swift */; };
		B70057E029CC9AB400819E19 /* FestivalIntent.swift in Sources */ = {isa = PBXBuildFile; fileRef = B70057DF29CC9AB400819E19 /* FestivalIntent.swift */; };
		B70057E229CC9AC100819E19 /* FestivalListIntent.swift in Sources */ = {isa = PBXBuildFile; fileRef = B70057E129CC9AC100819E19 /* FestivalListIntent.swift */; };
		B70057E529CC9ADB00819E19 /* FestivalDTO.swift in Sources */ = {isa = PBXBuildFile; fileRef = B70057E429CC9ADB00819E19 /* FestivalDTO.swift */; };
		B76FADA929C9A63400D29A3D /* FooterUtilisateur.swift in Sources */ = {isa = PBXBuildFile; fileRef = B76FADA829C9A63400D29A3D /* FooterUtilisateur.swift */; };
		B76FADAB29C9A73F00D29A3D /* InscriptionUtilisateurView.swift in Sources */ = {isa = PBXBuildFile; fileRef = B76FADAA29C9A73F00D29A3D /* InscriptionUtilisateurView.swift */; };
		B76FADB129C9B9BC00D29A3D /* HomePageUtilisateur.swift in Sources */ = {isa = PBXBuildFile; fileRef = B76FADB029C9B9BC00D29A3D /* HomePageUtilisateur.swift */; };
		B76FADB329C9BA8F00D29A3D /* ParametresUtilisateur.swift in Sources */ = {isa = PBXBuildFile; fileRef = B76FADB229C9BA8F00D29A3D /* ParametresUtilisateur.swift */; };
		B789EF8629C315D30009BA59 /* FestivalMobileAppApp.swift in Sources */ = {isa = PBXBuildFile; fileRef = B789EF8529C315D30009BA59 /* FestivalMobileAppApp.swift */; };
		B789EF8829C315D30009BA59 /* ConnexionUtilisateurView.swift in Sources */ = {isa = PBXBuildFile; fileRef = B789EF8729C315D30009BA59 /* ConnexionUtilisateurView.swift */; };
		B789EF8A29C315D40009BA59 /* Assets.xcassets in Resources */ = {isa = PBXBuildFile; fileRef = B789EF8929C315D40009BA59 /* Assets.xcassets */; };
		B789EF8D29C315D40009BA59 /* Preview Assets.xcassets in Resources */ = {isa = PBXBuildFile; fileRef = B789EF8C29C315D40009BA59 /* Preview Assets.xcassets */; };
		B7F1FAF329CB0A84007C457D /* Config.swift in Sources */ = {isa = PBXBuildFile; fileRef = B7F1FAF229CB0A84007C457D /* Config.swift */; };
		B7F1FAFE29CB243B007C457D /* ListFestivalUtilisateurView.swift in Sources */ = {isa = PBXBuildFile; fileRef = B7F1FAFD29CB243B007C457D /* ListFestivalUtilisateurView.swift */; };
/* End PBXBuildFile section */

/* Begin PBXFileReference section */
		B70057BB29CC7D1E00819E19 /* UtilisateurViewModel.swift */ = {isa = PBXFileReference; lastKnownFileType = sourcecode.swift; path = UtilisateurViewModel.swift; sourceTree = "<group>"; };
		B70057BE29CC7E4B00819E19 /* UtilisateurState.swift */ = {isa = PBXFileReference; lastKnownFileType = sourcecode.swift; path = UtilisateurState.swift; sourceTree = "<group>"; };
		B70057C129CC7F1900819E19 /* UtilisateurDTO.swift */ = {isa = PBXFileReference; lastKnownFileType = sourcecode.swift; path = UtilisateurDTO.swift; sourceTree = "<group>"; };
		B70057C429CC802300819E19 /* UtilisateurModelObserver.swift */ = {isa = PBXFileReference; lastKnownFileType = sourcecode.swift; path = UtilisateurModelObserver.swift; sourceTree = "<group>"; };
		B70057C629CC80BA00819E19 /* JSONHelper.swift */ = {isa = PBXFileReference; lastKnownFileType = sourcecode.swift; path = JSONHelper.swift; sourceTree = "<group>"; };
		B70057C929CC83F000819E19 /* UtilisateurListIntent.swift */ = {isa = PBXFileReference; lastKnownFileType = sourcecode.swift; path = UtilisateurListIntent.swift; sourceTree = "<group>"; };
		B70057CB29CC841A00819E19 /* UtilisateurListViewModel.swift */ = {isa = PBXFileReference; lastKnownFileType = sourcecode.swift; path = UtilisateurListViewModel.swift; sourceTree = "<group>"; };
		B70057CE29CC882D00819E19 /* UtilisateurListView.swift */ = {isa = PBXFileReference; lastKnownFileType = sourcecode.swift; path = UtilisateurListView.swift; sourceTree = "<group>"; };
		B70057D029CC88BC00819E19 /* UtilisateurItemView.swift */ = {isa = PBXFileReference; lastKnownFileType = sourcecode.swift; path = UtilisateurItemView.swift; sourceTree = "<group>"; };
		B70057D329CC956900819E19 /* FestivalModelObserver.swift */ = {isa = PBXFileReference; lastKnownFileType = sourcecode.swift; path = FestivalModelObserver.swift; sourceTree = "<group>"; };
		B70057D629CC957E00819E19 /* FestivalState.swift */ = {isa = PBXFileReference; lastKnownFileType = sourcecode.swift; path = FestivalState.swift; sourceTree = "<group>"; };
		B70057D829CC97D900819E19 /* UtilisateurListState.swift */ = {isa = PBXFileReference; lastKnownFileType = sourcecode.swift; path = UtilisateurListState.swift; sourceTree = "<group>"; };
		B70057DA29CC990100819E19 /* UtilisateurIntent.swift */ = {isa = PBXFileReference; lastKnownFileType = sourcecode.swift; path = UtilisateurIntent.swift; sourceTree = "<group>"; };
		B70057DC29CC99B200819E19 /* FestivalListState.swift */ = {isa = PBXFileReference; lastKnownFileType = sourcecode.swift; path = FestivalListState.swift; sourceTree = "<group>"; };
		B70057DF29CC9AB400819E19 /* FestivalIntent.swift */ = {isa = PBXFileReference; lastKnownFileType = sourcecode.swift; path = FestivalIntent.swift; sourceTree = "<group>"; };
		B70057E129CC9AC100819E19 /* FestivalListIntent.swift */ = {isa = PBXFileReference; lastKnownFileType = sourcecode.swift; path = FestivalListIntent.swift; sourceTree = "<group>"; };
		B70057E429CC9ADB00819E19 /* FestivalDTO.swift */ = {isa = PBXFileReference; lastKnownFileType = sourcecode.swift; path = FestivalDTO.swift; sourceTree = "<group>"; };
		B76FADA829C9A63400D29A3D /* FooterUtilisateur.swift */ = {isa = PBXFileReference; lastKnownFileType = sourcecode.swift; path = FooterUtilisateur.swift; sourceTree = "<group>"; };
		B76FADAA29C9A73F00D29A3D /* InscriptionUtilisateurView.swift */ = {isa = PBXFileReference; lastKnownFileType = sourcecode.swift; path = InscriptionUtilisateurView.swift; sourceTree = "<group>"; };
		B76FADB029C9B9BC00D29A3D /* HomePageUtilisateur.swift */ = {isa = PBXFileReference; lastKnownFileType = sourcecode.swift; path = HomePageUtilisateur.swift; sourceTree = "<group>"; };
		B76FADB229C9BA8F00D29A3D /* ParametresUtilisateur.swift */ = {isa = PBXFileReference; lastKnownFileType = sourcecode.swift; path = ParametresUtilisateur.swift; sourceTree = "<group>"; };
		B789EF8229C315D30009BA59 /* FestivalMobileApp.app */ = {isa = PBXFileReference; explicitFileType = wrapper.application; includeInIndex = 0; path = FestivalMobileApp.app; sourceTree = BUILT_PRODUCTS_DIR; };
		B789EF8529C315D30009BA59 /* FestivalMobileAppApp.swift */ = {isa = PBXFileReference; lastKnownFileType = sourcecode.swift; path = FestivalMobileAppApp.swift; sourceTree = "<group>"; };
		B789EF8729C315D30009BA59 /* ConnexionUtilisateurView.swift */ = {isa = PBXFileReference; lastKnownFileType = sourcecode.swift; path = ConnexionUtilisateurView.swift; sourceTree = "<group>"; };
		B789EF8929C315D40009BA59 /* Assets.xcassets */ = {isa = PBXFileReference; lastKnownFileType = folder.assetcatalog; path = Assets.xcassets; sourceTree = "<group>"; };
		B789EF8C29C315D40009BA59 /* Preview Assets.xcassets */ = {isa = PBXFileReference; lastKnownFileType = folder.assetcatalog; path = "Preview Assets.xcassets"; sourceTree = "<group>"; };
		B7F1FAF229CB0A84007C457D /* Config.swift */ = {isa = PBXFileReference; lastKnownFileType = sourcecode.swift; path = Config.swift; sourceTree = "<group>"; };
		B7F1FAFD29CB243B007C457D /* ListFestivalUtilisateurView.swift */ = {isa = PBXFileReference; lastKnownFileType = sourcecode.swift; path = ListFestivalUtilisateurView.swift; sourceTree = "<group>"; };
/* End PBXFileReference section */

/* Begin PBXFrameworksBuildPhase section */
		B789EF7F29C315D30009BA59 /* Frameworks */ = {
			isa = PBXFrameworksBuildPhase;
			buildActionMask = 2147483647;
			files = (
			);
			runOnlyForDeploymentPostprocessing = 0;
		};
/* End PBXFrameworksBuildPhase section */

/* Begin PBXGroup section */
		B70057B329CC78B200819E19 /* ModelView */ = {
			isa = PBXGroup;
			children = (
				B70057BA29CC7C2900819E19 /* Utilisateur */,
			);
			path = ModelView;
			sourceTree = "<group>";
		};
		B70057B429CC799E00819E19 /* Intent */ = {
			isa = PBXGroup;
			children = (
				B70057DE29CC9AA400819E19 /* Festival */,
				B70057C829CC83DF00819E19 /* Utilisateur */,
			);
			path = Intent;
			sourceTree = "<group>";
		};
		B70057B529CC79A800819E19 /* DTO */ = {
			isa = PBXGroup;
			children = (
				B70057E329CC9AC900819E19 /* Festival */,
				B70057C029CC7F0000819E19 /* Utilisateur */,
			);
			path = DTO;
			sourceTree = "<group>";
		};
		B70057B629CC7A9600819E19 /* state */ = {
			isa = PBXGroup;
			children = (
				B70057D529CC956D00819E19 /* Festival */,
				B70057BD29CC7DED00819E19 /* Utilisateur */,
			);
			path = state;
			sourceTree = "<group>";
		};
		B70057B729CC7AA900819E19 /* Model Observer */ = {
			isa = PBXGroup;
			children = (
				B70057D229CC954D00819E19 /* Festival */,
				B70057C329CC800D00819E19 /* Utilisateur */,
			);
			path = "Model Observer";
			sourceTree = "<group>";
		};
		B70057B829CC7AC000819E19 /* Utilitaires */ = {
			isa = PBXGroup;
			children = (
				B70057C629CC80BA00819E19 /* JSONHelper.swift */,
			);
			path = Utilitaires;
			sourceTree = "<group>";
		};
		B70057B929CC7BB900819E19 /* Preview Content */ = {
			isa = PBXGroup;
			children = (
				B789EF8C29C315D40009BA59 /* Preview Assets.xcassets */,
			);
			path = "Preview Content";
			sourceTree = "<group>";
		};
		B70057BA29CC7C2900819E19 /* Utilisateur */ = {
			isa = PBXGroup;
			children = (
				B70057BB29CC7D1E00819E19 /* UtilisateurViewModel.swift */,
				B70057CB29CC841A00819E19 /* UtilisateurListViewModel.swift */,
			);
			path = Utilisateur;
			sourceTree = "<group>";
		};
		B70057BD29CC7DED00819E19 /* Utilisateur */ = {
			isa = PBXGroup;
			children = (
				B70057BE29CC7E4B00819E19 /* UtilisateurState.swift */,
				B70057D829CC97D900819E19 /* UtilisateurListState.swift */,
			);
			path = Utilisateur;
			sourceTree = "<group>";
		};
		B70057C029CC7F0000819E19 /* Utilisateur */ = {
			isa = PBXGroup;
			children = (
				B70057C129CC7F1900819E19 /* UtilisateurDTO.swift */,
			);
			path = Utilisateur;
			sourceTree = "<group>";
		};
		B70057C329CC800D00819E19 /* Utilisateur */ = {
			isa = PBXGroup;
			children = (
				B70057C429CC802300819E19 /* UtilisateurModelObserver.swift */,
			);
			path = Utilisateur;
			sourceTree = "<group>";
		};
		B70057C829CC83DF00819E19 /* Utilisateur */ = {
			isa = PBXGroup;
			children = (
				B70057C929CC83F000819E19 /* UtilisateurListIntent.swift */,
				B70057DA29CC990100819E19 /* UtilisateurIntent.swift */,
			);
			path = Utilisateur;
			sourceTree = "<group>";
		};
		B70057D229CC954D00819E19 /* Festival */ = {
			isa = PBXGroup;
			children = (
				B70057D329CC956900819E19 /* FestivalModelObserver.swift */,
			);
			path = Festival;
			sourceTree = "<group>";
		};
		B70057D529CC956D00819E19 /* Festival */ = {
			isa = PBXGroup;
			children = (
				B70057D629CC957E00819E19 /* FestivalState.swift */,
				B70057DC29CC99B200819E19 /* FestivalListState.swift */,
			);
			path = Festival;
			sourceTree = "<group>";
		};
		B70057DE29CC9AA400819E19 /* Festival */ = {
			isa = PBXGroup;
			children = (
				B70057DF29CC9AB400819E19 /* FestivalIntent.swift */,
				B70057E129CC9AC100819E19 /* FestivalListIntent.swift */,
			);
			path = Festival;
			sourceTree = "<group>";
		};
		B70057E329CC9AC900819E19 /* Festival */ = {
			isa = PBXGroup;
			children = (
				B70057E429CC9ADB00819E19 /* FestivalDTO.swift */,
			);
			path = Festival;
			sourceTree = "<group>";
		};
		B76FADAE29C9B96300D29A3D /* Utilisateur */ = {
			isa = PBXGroup;
			children = (
				B76FADAA29C9A73F00D29A3D /* InscriptionUtilisateurView.swift */,
				B76FADA829C9A63400D29A3D /* FooterUtilisateur.swift */,
				B76FADB229C9BA8F00D29A3D /* ParametresUtilisateur.swift */,
				B76FADB029C9B9BC00D29A3D /* HomePageUtilisateur.swift */,
				B7F1FAFD29CB243B007C457D /* ListFestivalUtilisateurView.swift */,
				B70057CE29CC882D00819E19 /* UtilisateurListView.swift */,
				B70057D029CC88BC00819E19 /* UtilisateurItemView.swift */,
			);
			path = Utilisateur;
			sourceTree = "<group>";
		};
		B76FADAF29C9B97D00D29A3D /* Admin */ = {
			isa = PBXGroup;
			children = (
			);
			path = Admin;
			sourceTree = "<group>";
		};
		B789EF7929C315D30009BA59 = {
			isa = PBXGroup;
			children = (
				B789EF8429C315D30009BA59 /* FestivalMobileApp */,
				B789EF8329C315D30009BA59 /* Products */,
			);
			sourceTree = "<group>";
		};
		B789EF8329C315D30009BA59 /* Products */ = {
			isa = PBXGroup;
			children = (
				B789EF8229C315D30009BA59 /* FestivalMobileApp.app */,
			);
			name = Products;
			sourceTree = "<group>";
		};
		B789EF8429C315D30009BA59 /* FestivalMobileApp */ = {
			isa = PBXGroup;
			children = (
				B789EF8B29C315D40009BA59 /* View */,
				B789EF8729C315D30009BA59 /* ConnexionUtilisateurView.swift */,
				B70057B329CC78B200819E19 /* ModelView */,
				B789EF8529C315D30009BA59 /* FestivalMobileAppApp.swift */,
				B789EF8929C315D40009BA59 /* Assets.xcassets */,
				B70057B929CC7BB900819E19 /* Preview Content */,
				B70057B429CC799E00819E19 /* Intent */,
				B70057B529CC79A800819E19 /* DTO */,
				B70057B629CC7A9600819E19 /* state */,
				B70057B729CC7AA900819E19 /* Model Observer */,
				B70057B829CC7AC000819E19 /* Utilitaires */,
				B7F1FAF229CB0A84007C457D /* Config.swift */,
			);
			path = FestivalMobileApp;
			sourceTree = "<group>";
		};
		B789EF8B29C315D40009BA59 /* View */ = {
			isa = PBXGroup;
			children = (
				B76FADAF29C9B97D00D29A3D /* Admin */,
				B76FADAE29C9B96300D29A3D /* Utilisateur */,
			);
			path = View;
			sourceTree = "<group>";
		};
/* End PBXGroup section */

/* Begin PBXNativeTarget section */
		B789EF8129C315D30009BA59 /* FestivalMobileApp */ = {
			isa = PBXNativeTarget;
			buildConfigurationList = B789EF9029C315D40009BA59 /* Build configuration list for PBXNativeTarget "FestivalMobileApp" */;
			buildPhases = (
				B789EF7E29C315D30009BA59 /* Sources */,
				B789EF7F29C315D30009BA59 /* Frameworks */,
				B789EF8029C315D30009BA59 /* Resources */,
			);
			buildRules = (
			);
			dependencies = (
			);
			name = FestivalMobileApp;
			productName = FestivalMobileApp;
			productReference = B789EF8229C315D30009BA59 /* FestivalMobileApp.app */;
			productType = "com.apple.product-type.application";
		};
/* End PBXNativeTarget section */

/* Begin PBXProject section */
		B789EF7A29C315D30009BA59 /* Project object */ = {
			isa = PBXProject;
			attributes = {
				BuildIndependentTargetsInParallel = 1;
				LastSwiftUpdateCheck = 1420;
				LastUpgradeCheck = 1420;
				TargetAttributes = {
					B789EF8129C315D30009BA59 = {
						CreatedOnToolsVersion = 14.2;
					};
				};
			};
			buildConfigurationList = B789EF7D29C315D30009BA59 /* Build configuration list for PBXProject "FestivalMobileApp" */;
			compatibilityVersion = "Xcode 14.0";
			developmentRegion = en;
			hasScannedForEncodings = 0;
			knownRegions = (
				en,
				Base,
			);
			mainGroup = B789EF7929C315D30009BA59;
			productRefGroup = B789EF8329C315D30009BA59 /* Products */;
			projectDirPath = "";
			projectRoot = "";
			targets = (
				B789EF8129C315D30009BA59 /* FestivalMobileApp */,
			);
		};
/* End PBXProject section */

/* Begin PBXResourcesBuildPhase section */
		B789EF8029C315D30009BA59 /* Resources */ = {
			isa = PBXResourcesBuildPhase;
			buildActionMask = 2147483647;
			files = (
				B789EF8D29C315D40009BA59 /* Preview Assets.xcassets in Resources */,
				B789EF8A29C315D40009BA59 /* Assets.xcassets in Resources */,
			);
			runOnlyForDeploymentPostprocessing = 0;
		};
/* End PBXResourcesBuildPhase section */

/* Begin PBXSourcesBuildPhase section */
		B789EF7E29C315D30009BA59 /* Sources */ = {
			isa = PBXSourcesBuildPhase;
			buildActionMask = 2147483647;
			files = (
				B70057BC29CC7D1E00819E19 /* UtilisateurViewModel.swift in Sources */,
				B76FADA929C9A63400D29A3D /* FooterUtilisateur.swift in Sources */,
				B70057BF29CC7E4B00819E19 /* UtilisateurState.swift in Sources */,
				B789EF8829C315D30009BA59 /* ConnexionUtilisateurView.swift in Sources */,
				B70057E529CC9ADB00819E19 /* FestivalDTO.swift in Sources */,
				B7F1FAF329CB0A84007C457D /* Config.swift in Sources */,
				B70057D729CC957E00819E19 /* FestivalState.swift in Sources */,
				B70057D429CC956900819E19 /* FestivalModelObserver.swift in Sources */,
				B7F1FAFE29CB243B007C457D /* ListFestivalUtilisateurView.swift in Sources */,
				B70057CF29CC882D00819E19 /* UtilisateurListView.swift in Sources */,
				B76FADAB29C9A73F00D29A3D /* InscriptionUtilisateurView.swift in Sources */,
				B789EF8629C315D30009BA59 /* FestivalMobileAppApp.swift in Sources */,
				B70057C729CC80BA00819E19 /* JSONHelper.swift in Sources */,
				B76FADB129C9B9BC00D29A3D /* HomePageUtilisateur.swift in Sources */,
				B70057DD29CC99B200819E19 /* FestivalListState.swift in Sources */,
				B70057DB29CC990100819E19 /* UtilisateurIntent.swift in Sources */,
				B70057E229CC9AC100819E19 /* FestivalListIntent.swift in Sources */,
				B70057C529CC802300819E19 /* UtilisateurModelObserver.swift in Sources */,
				B76FADB329C9BA8F00D29A3D /* ParametresUtilisateur.swift in Sources */,
				B70057C229CC7F1900819E19 /* UtilisateurDTO.swift in Sources */,
				B70057CC29CC841A00819E19 /* UtilisateurListViewModel.swift in Sources */,
				B70057D929CC97D900819E19 /* UtilisateurListState.swift in Sources */,
				B70057CA29CC83F000819E19 /* UtilisateurListIntent.swift in Sources */,
				B70057D129CC88BC00819E19 /* UtilisateurItemView.swift in Sources */,
				B70057E029CC9AB400819E19 /* FestivalIntent.swift in Sources */,
			);
			runOnlyForDeploymentPostprocessing = 0;
		};
/* End PBXSourcesBuildPhase section */

/* Begin XCBuildConfiguration section */
		B789EF8E29C315D40009BA59 /* Debug */ = {
			isa = XCBuildConfiguration;
			buildSettings = {
				ALWAYS_SEARCH_USER_PATHS = NO;
				CLANG_ANALYZER_NONNULL = YES;
				CLANG_ANALYZER_NUMBER_OBJECT_CONVERSION = YES_AGGRESSIVE;
				CLANG_CXX_LANGUAGE_STANDARD = "gnu++20";
				CLANG_ENABLE_MODULES = YES;
				CLANG_ENABLE_OBJC_ARC = YES;
				CLANG_ENABLE_OBJC_WEAK = YES;
				CLANG_WARN_BLOCK_CAPTURE_AUTORELEASING = YES;
				CLANG_WARN_BOOL_CONVERSION = YES;
				CLANG_WARN_COMMA = YES;
				CLANG_WARN_CONSTANT_CONVERSION = YES;
				CLANG_WARN_DEPRECATED_OBJC_IMPLEMENTATIONS = YES;
				CLANG_WARN_DIRECT_OBJC_ISA_USAGE = YES_ERROR;
				CLANG_WARN_DOCUMENTATION_COMMENTS = YES;
				CLANG_WARN_EMPTY_BODY = YES;
				CLANG_WARN_ENUM_CONVERSION = YES;
				CLANG_WARN_INFINITE_RECURSION = YES;
				CLANG_WARN_INT_CONVERSION = YES;
				CLANG_WARN_NON_LITERAL_NULL_CONVERSION = YES;
				CLANG_WARN_OBJC_IMPLICIT_RETAIN_SELF = YES;
				CLANG_WARN_OBJC_LITERAL_CONVERSION = YES;
				CLANG_WARN_OBJC_ROOT_CLASS = YES_ERROR;
				CLANG_WARN_QUOTED_INCLUDE_IN_FRAMEWORK_HEADER = YES;
				CLANG_WARN_RANGE_LOOP_ANALYSIS = YES;
				CLANG_WARN_STRICT_PROTOTYPES = YES;
				CLANG_WARN_SUSPICIOUS_MOVE = YES;
				CLANG_WARN_UNGUARDED_AVAILABILITY = YES_AGGRESSIVE;
				CLANG_WARN_UNREACHABLE_CODE = YES;
				CLANG_WARN__DUPLICATE_METHOD_MATCH = YES;
				COPY_PHASE_STRIP = NO;
				DEBUG_INFORMATION_FORMAT = dwarf;
				ENABLE_STRICT_OBJC_MSGSEND = YES;
				ENABLE_TESTABILITY = YES;
				GCC_C_LANGUAGE_STANDARD = gnu11;
				GCC_DYNAMIC_NO_PIC = NO;
				GCC_NO_COMMON_BLOCKS = YES;
				GCC_OPTIMIZATION_LEVEL = 0;
				GCC_PREPROCESSOR_DEFINITIONS = (
					"DEBUG=1",
					"$(inherited)",
				);
				GCC_WARN_64_TO_32_BIT_CONVERSION = YES;
				GCC_WARN_ABOUT_RETURN_TYPE = YES_ERROR;
				GCC_WARN_UNDECLARED_SELECTOR = YES;
				GCC_WARN_UNINITIALIZED_AUTOS = YES_AGGRESSIVE;
				GCC_WARN_UNUSED_FUNCTION = YES;
				GCC_WARN_UNUSED_VARIABLE = YES;
				IPHONEOS_DEPLOYMENT_TARGET = 16.2;
				MTL_ENABLE_DEBUG_INFO = INCLUDE_SOURCE;
				MTL_FAST_MATH = YES;
				ONLY_ACTIVE_ARCH = YES;
				SDKROOT = iphoneos;
				SWIFT_ACTIVE_COMPILATION_CONDITIONS = DEBUG;
				SWIFT_OPTIMIZATION_LEVEL = "-Onone";
			};
			name = Debug;
		};
		B789EF8F29C315D40009BA59 /* Release */ = {
			isa = XCBuildConfiguration;
			buildSettings = {
				ALWAYS_SEARCH_USER_PATHS = NO;
				CLANG_ANALYZER_NONNULL = YES;
				CLANG_ANALYZER_NUMBER_OBJECT_CONVERSION = YES_AGGRESSIVE;
				CLANG_CXX_LANGUAGE_STANDARD = "gnu++20";
				CLANG_ENABLE_MODULES = YES;
				CLANG_ENABLE_OBJC_ARC = YES;
				CLANG_ENABLE_OBJC_WEAK = YES;
				CLANG_WARN_BLOCK_CAPTURE_AUTORELEASING = YES;
				CLANG_WARN_BOOL_CONVERSION = YES;
				CLANG_WARN_COMMA = YES;
				CLANG_WARN_CONSTANT_CONVERSION = YES;
				CLANG_WARN_DEPRECATED_OBJC_IMPLEMENTATIONS = YES;
				CLANG_WARN_DIRECT_OBJC_ISA_USAGE = YES_ERROR;
				CLANG_WARN_DOCUMENTATION_COMMENTS = YES;
				CLANG_WARN_EMPTY_BODY = YES;
				CLANG_WARN_ENUM_CONVERSION = YES;
				CLANG_WARN_INFINITE_RECURSION = YES;
				CLANG_WARN_INT_CONVERSION = YES;
				CLANG_WARN_NON_LITERAL_NULL_CONVERSION = YES;
				CLANG_WARN_OBJC_IMPLICIT_RETAIN_SELF = YES;
				CLANG_WARN_OBJC_LITERAL_CONVERSION = YES;
				CLANG_WARN_OBJC_ROOT_CLASS = YES_ERROR;
				CLANG_WARN_QUOTED_INCLUDE_IN_FRAMEWORK_HEADER = YES;
				CLANG_WARN_RANGE_LOOP_ANALYSIS = YES;
				CLANG_WARN_STRICT_PROTOTYPES = YES;
				CLANG_WARN_SUSPICIOUS_MOVE = YES;
				CLANG_WARN_UNGUARDED_AVAILABILITY = YES_AGGRESSIVE;
				CLANG_WARN_UNREACHABLE_CODE = YES;
				CLANG_WARN__DUPLICATE_METHOD_MATCH = YES;
				COPY_PHASE_STRIP = NO;
				DEBUG_INFORMATION_FORMAT = "dwarf-with-dsym";
				ENABLE_NS_ASSERTIONS = NO;
				ENABLE_STRICT_OBJC_MSGSEND = YES;
				GCC_C_LANGUAGE_STANDARD = gnu11;
				GCC_NO_COMMON_BLOCKS = YES;
				GCC_WARN_64_TO_32_BIT_CONVERSION = YES;
				GCC_WARN_ABOUT_RETURN_TYPE = YES_ERROR;
				GCC_WARN_UNDECLARED_SELECTOR = YES;
				GCC_WARN_UNINITIALIZED_AUTOS = YES_AGGRESSIVE;
				GCC_WARN_UNUSED_FUNCTION = YES;
				GCC_WARN_UNUSED_VARIABLE = YES;
				IPHONEOS_DEPLOYMENT_TARGET = 16.2;
				MTL_ENABLE_DEBUG_INFO = NO;
				MTL_FAST_MATH = YES;
				SDKROOT = iphoneos;
				SWIFT_COMPILATION_MODE = wholemodule;
				SWIFT_OPTIMIZATION_LEVEL = "-O";
				VALIDATE_PRODUCT = YES;
			};
			name = Release;
		};
		B789EF9129C315D40009BA59 /* Debug */ = {
			isa = XCBuildConfiguration;
			buildSettings = {
				ASSETCATALOG_COMPILER_APPICON_NAME = AppIcon;
				ASSETCATALOG_COMPILER_GLOBAL_ACCENT_COLOR_NAME = AccentColor;
				CODE_SIGN_STYLE = Automatic;
				CURRENT_PROJECT_VERSION = 1;
				DEVELOPMENT_ASSET_PATHS = "\"FestivalMobileApp/Preview Content\"";
				ENABLE_PREVIEWS = YES;
				GENERATE_INFOPLIST_FILE = YES;
				INFOPLIST_KEY_UIApplicationSceneManifest_Generation = YES;
				INFOPLIST_KEY_UIApplicationSupportsIndirectInputEvents = YES;
				INFOPLIST_KEY_UILaunchScreen_Generation = YES;
				INFOPLIST_KEY_UISupportedInterfaceOrientations_iPad = "UIInterfaceOrientationPortrait UIInterfaceOrientationPortraitUpsideDown UIInterfaceOrientationLandscapeLeft UIInterfaceOrientationLandscapeRight";
				INFOPLIST_KEY_UISupportedInterfaceOrientations_iPhone = "UIInterfaceOrientationPortrait UIInterfaceOrientationLandscapeLeft UIInterfaceOrientationLandscapeRight";
				LD_RUNPATH_SEARCH_PATHS = (
					"$(inherited)",
					"@executable_path/Frameworks",
				);
				MARKETING_VERSION = 1.0;
				PRODUCT_BUNDLE_IDENTIFIER = id.FestivalMobileApp;
				PRODUCT_NAME = "$(TARGET_NAME)";
				SWIFT_EMIT_LOC_STRINGS = YES;
				SWIFT_VERSION = 5.0;
				TARGETED_DEVICE_FAMILY = "1,2";
			};
			name = Debug;
		};
		B789EF9229C315D40009BA59 /* Release */ = {
			isa = XCBuildConfiguration;
			buildSettings = {
				ASSETCATALOG_COMPILER_APPICON_NAME = AppIcon;
				ASSETCATALOG_COMPILER_GLOBAL_ACCENT_COLOR_NAME = AccentColor;
				CODE_SIGN_STYLE = Automatic;
				CURRENT_PROJECT_VERSION = 1;
				DEVELOPMENT_ASSET_PATHS = "\"FestivalMobileApp/Preview Content\"";
				ENABLE_PREVIEWS = YES;
				GENERATE_INFOPLIST_FILE = YES;
				INFOPLIST_KEY_UIApplicationSceneManifest_Generation = YES;
				INFOPLIST_KEY_UIApplicationSupportsIndirectInputEvents = YES;
				INFOPLIST_KEY_UILaunchScreen_Generation = YES;
				INFOPLIST_KEY_UISupportedInterfaceOrientations_iPad = "UIInterfaceOrientationPortrait UIInterfaceOrientationPortraitUpsideDown UIInterfaceOrientationLandscapeLeft UIInterfaceOrientationLandscapeRight";
				INFOPLIST_KEY_UISupportedInterfaceOrientations_iPhone = "UIInterfaceOrientationPortrait UIInterfaceOrientationLandscapeLeft UIInterfaceOrientationLandscapeRight";
				LD_RUNPATH_SEARCH_PATHS = (
					"$(inherited)",
					"@executable_path/Frameworks",
				);
				MARKETING_VERSION = 1.0;
				PRODUCT_BUNDLE_IDENTIFIER = id.FestivalMobileApp;
				PRODUCT_NAME = "$(TARGET_NAME)";
				SWIFT_EMIT_LOC_STRINGS = YES;
				SWIFT_VERSION = 5.0;
				TARGETED_DEVICE_FAMILY = "1,2";
			};
			name = Release;
		};
/* End XCBuildConfiguration section */

/* Begin XCConfigurationList section */
		B789EF7D29C315D30009BA59 /* Build configuration list for PBXProject "FestivalMobileApp" */ = {
			isa = XCConfigurationList;
			buildConfigurations = (
				B789EF8E29C315D40009BA59 /* Debug */,
				B789EF8F29C315D40009BA59 /* Release */,
			);
			defaultConfigurationIsVisible = 0;
			defaultConfigurationName = Release;
		};
		B789EF9029C315D40009BA59 /* Build configuration list for PBXNativeTarget "FestivalMobileApp" */ = {
			isa = XCConfigurationList;
			buildConfigurations = (
				B789EF9129C315D40009BA59 /* Debug */,
				B789EF9229C315D40009BA59 /* Release */,
			);
			defaultConfigurationIsVisible = 0;
			defaultConfigurationName = Release;
		};
/* End XCConfigurationList section */
	};
	rootObject = B789EF7A29C315D30009BA59 /* Project object */;
}
