// !$*UTF8*$!
{
	archiveVersion = 1;
	classes = {
	};
	objectVersion = 56;
	objects = {

/* Begin PBXBuildFile section */
		B76FADA929C9A63400D29A3D /* FooterUtilisateur.swift in Sources */ = {isa = PBXBuildFile; fileRef = B76FADA829C9A63400D29A3D /* FooterUtilisateur.swift */; };
		B76FADAB29C9A73F00D29A3D /* InscriptionUtilisateurView.swift in Sources */ = {isa = PBXBuildFile; fileRef = B76FADAA29C9A73F00D29A3D /* InscriptionUtilisateurView.swift */; };
		B76FADAD29C9A87B00D29A3D /* ConnexionAdminView.swift in Sources */ = {isa = PBXBuildFile; fileRef = B76FADAC29C9A87B00D29A3D /* ConnexionAdminView.swift */; };
		B76FADB129C9B9BC00D29A3D /* HomePageUtilisateur.swift in Sources */ = {isa = PBXBuildFile; fileRef = B76FADB029C9B9BC00D29A3D /* HomePageUtilisateur.swift */; };
		B76FADB329C9BA8F00D29A3D /* ParametresUtilisateur.swift in Sources */ = {isa = PBXBuildFile; fileRef = B76FADB229C9BA8F00D29A3D /* ParametresUtilisateur.swift */; };
		B789EF8629C315D30009BA59 /* FestivalMobileAppApp.swift in Sources */ = {isa = PBXBuildFile; fileRef = B789EF8529C315D30009BA59 /* FestivalMobileAppApp.swift */; };
		B789EF8829C315D30009BA59 /* ConnexionUtilisateurView.swift in Sources */ = {isa = PBXBuildFile; fileRef = B789EF8729C315D30009BA59 /* ConnexionUtilisateurView.swift */; };
		B789EF8A29C315D40009BA59 /* Assets.xcassets in Resources */ = {isa = PBXBuildFile; fileRef = B789EF8929C315D40009BA59 /* Assets.xcassets */; };
		B789EF8D29C315D40009BA59 /* Preview Assets.xcassets in Resources */ = {isa = PBXBuildFile; fileRef = B789EF8C29C315D40009BA59 /* Preview Assets.xcassets */; };
/* End PBXBuildFile section */

/* Begin PBXFileReference section */
		B76FADA829C9A63400D29A3D /* FooterUtilisateur.swift */ = {isa = PBXFileReference; lastKnownFileType = sourcecode.swift; path = FooterUtilisateur.swift; sourceTree = "<group>"; };
		B76FADAA29C9A73F00D29A3D /* InscriptionUtilisateurView.swift */ = {isa = PBXFileReference; lastKnownFileType = sourcecode.swift; path = InscriptionUtilisateurView.swift; sourceTree = "<group>"; };
		B76FADAC29C9A87B00D29A3D /* ConnexionAdminView.swift */ = {isa = PBXFileReference; lastKnownFileType = sourcecode.swift; path = ConnexionAdminView.swift; sourceTree = "<group>"; };
		B76FADB029C9B9BC00D29A3D /* HomePageUtilisateur.swift */ = {isa = PBXFileReference; lastKnownFileType = sourcecode.swift; path = HomePageUtilisateur.swift; sourceTree = "<group>"; };
		B76FADB229C9BA8F00D29A3D /* ParametresUtilisateur.swift */ = {isa = PBXFileReference; lastKnownFileType = sourcecode.swift; path = ParametresUtilisateur.swift; sourceTree = "<group>"; };
		B789EF8229C315D30009BA59 /* FestivalMobileApp.app */ = {isa = PBXFileReference; explicitFileType = wrapper.application; includeInIndex = 0; path = FestivalMobileApp.app; sourceTree = BUILT_PRODUCTS_DIR; };
		B789EF8529C315D30009BA59 /* FestivalMobileAppApp.swift */ = {isa = PBXFileReference; lastKnownFileType = sourcecode.swift; path = FestivalMobileAppApp.swift; sourceTree = "<group>"; };
		B789EF8729C315D30009BA59 /* ConnexionUtilisateurView.swift */ = {isa = PBXFileReference; lastKnownFileType = sourcecode.swift; path = ConnexionUtilisateurView.swift; sourceTree = "<group>"; };
		B789EF8929C315D40009BA59 /* Assets.xcassets */ = {isa = PBXFileReference; lastKnownFileType = folder.assetcatalog; path = Assets.xcassets; sourceTree = "<group>"; };
		B789EF8C29C315D40009BA59 /* Preview Assets.xcassets */ = {isa = PBXFileReference; lastKnownFileType = folder.assetcatalog; path = "Preview Assets.xcassets"; sourceTree = "<group>"; };
/* End PBXFileReference section */

/* Begin PBXFrameworksBuildPhase section */
		B789EF7F29C315D30009BA59 /* Frameworks */ = {
			isa = PBXFrameworksBuildPhase;
			buildActionMask = 2147483647;
			files = (
			);
			runOnlyForDeploymentPostprocessing = 0;
		};
/* End PBXFrameworksBuildPhase section */

/* Begin PBXGroup section */
		B76FADA729C99CE800D29A3D /* DTO */ = {
			isa = PBXGroup;
			children = (
			);
			path = DTO;
			sourceTree = "<group>";
		};
		B76FADAE29C9B96300D29A3D /* Utilisateur */ = {
			isa = PBXGroup;
			children = (
				B76FADAA29C9A73F00D29A3D /* InscriptionUtilisateurView.swift */,
				B76FADA829C9A63400D29A3D /* FooterUtilisateur.swift */,
				B76FADB029C9B9BC00D29A3D /* HomePageUtilisateur.swift */,
				B76FADB229C9BA8F00D29A3D /* ParametresUtilisateur.swift */,
			);
			path = Utilisateur;
			sourceTree = "<group>";
		};
		B76FADAF29C9B97D00D29A3D /* Admin */ = {
			isa = PBXGroup;
			children = (
			);
			path = Admin;
			sourceTree = "<group>";
		};
		B789EF7929C315D30009BA59 = {
			isa = PBXGroup;
			children = (
				B789EF8429C315D30009BA59 /* FestivalMobileApp */,
				B789EF8329C315D30009BA59 /* Products */,
			);
			sourceTree = "<group>";
		};
		B789EF8329C315D30009BA59 /* Products */ = {
			isa = PBXGroup;
			children = (
				B789EF8229C315D30009BA59 /* FestivalMobileApp.app */,
			);
			name = Products;
			sourceTree = "<group>";
		};
		B789EF8429C315D30009BA59 /* FestivalMobileApp */ = {
			isa = PBXGroup;
			children = (
				B789EF8529C315D30009BA59 /* FestivalMobileAppApp.swift */,
				B76FADA729C99CE800D29A3D /* DTO */,
				B789EF8B29C315D40009BA59 /* Preview Content */,
			);
			path = FestivalMobileApp;
			sourceTree = "<group>";
		};
		B789EF8B29C315D40009BA59 /* Preview Content */ = {
			isa = PBXGroup;
			children = (
				B76FADAF29C9B97D00D29A3D /* Admin */,
				B789EF8929C315D40009BA59 /* Assets.xcassets */,
				B789EF8C29C315D40009BA59 /* Preview Assets.xcassets */,
				B789EF8729C315D30009BA59 /* ConnexionUtilisateurView.swift */,
				B76FADAC29C9A87B00D29A3D /* ConnexionAdminView.swift */,
				B76FADAE29C9B96300D29A3D /* Utilisateur */,
			);
			path = "Preview Content";
			sourceTree = "<group>";
		};
/* End PBXGroup section */

/* Begin PBXNativeTarget section */
		B789EF8129C315D30009BA59 /* FestivalMobileApp */ = {
			isa = PBXNativeTarget;
			buildConfigurationList = B789EF9029C315D40009BA59 /* Build configuration list for PBXNativeTarget "FestivalMobileApp" */;
			buildPhases = (
				B789EF7E29C315D30009BA59 /* Sources */,
				B789EF7F29C315D30009BA59 /* Frameworks */,
				B789EF8029C315D30009BA59 /* Resources */,
			);
			buildRules = (
			);
			dependencies = (
			);
			name = FestivalMobileApp;
			productName = FestivalMobileApp;
			productReference = B789EF8229C315D30009BA59 /* FestivalMobileApp.app */;
			productType = "com.apple.product-type.application";
		};
/* End PBXNativeTarget section */

/* Begin PBXProject section */
		B789EF7A29C315D30009BA59 /* Project object */ = {
			isa = PBXProject;
			attributes = {
				BuildIndependentTargetsInParallel = 1;
				LastSwiftUpdateCheck = 1420;
				LastUpgradeCheck = 1420;
				TargetAttributes = {
					B789EF8129C315D30009BA59 = {
						CreatedOnToolsVersion = 14.2;
					};
				};
			};
			buildConfigurationList = B789EF7D29C315D30009BA59 /* Build configuration list for PBXProject "FestivalMobileApp" */;
			compatibilityVersion = "Xcode 14.0";
			developmentRegion = en;
			hasScannedForEncodings = 0;
			knownRegions = (
				en,
				Base,
			);
			mainGroup = B789EF7929C315D30009BA59;
			productRefGroup = B789EF8329C315D30009BA59 /* Products */;
			projectDirPath = "";
			projectRoot = "";
			targets = (
				B789EF8129C315D30009BA59 /* FestivalMobileApp */,
			);
		};
/* End PBXProject section */

/* Begin PBXResourcesBuildPhase section */
		B789EF8029C315D30009BA59 /* Resources */ = {
			isa = PBXResourcesBuildPhase;
			buildActionMask = 2147483647;
			files = (
				B789EF8D29C315D40009BA59 /* Preview Assets.xcassets in Resources */,
				B789EF8A29C315D40009BA59 /* Assets.xcassets in Resources */,
			);
			runOnlyForDeploymentPostprocessing = 0;
		};
/* End PBXResourcesBuildPhase section */

/* Begin PBXSourcesBuildPhase section */
		B789EF7E29C315D30009BA59 /* Sources */ = {
			isa = PBXSourcesBuildPhase;
			buildActionMask = 2147483647;
			files = (
				B76FADA929C9A63400D29A3D /* FooterUtilisateur.swift in Sources */,
				B76FADAD29C9A87B00D29A3D /* ConnexionAdminView.swift in Sources */,
				B789EF8829C315D30009BA59 /* ConnexionUtilisateurView.swift in Sources */,
				B76FADAB29C9A73F00D29A3D /* InscriptionUtilisateurView.swift in Sources */,
				B789EF8629C315D30009BA59 /* FestivalMobileAppApp.swift in Sources */,
				B76FADB129C9B9BC00D29A3D /* HomePageUtilisateur.swift in Sources */,
				B76FADB329C9BA8F00D29A3D /* ParametresUtilisateur.swift in Sources */,
			);
			runOnlyForDeploymentPostprocessing = 0;
		};
/* End PBXSourcesBuildPhase section */

/* Begin XCBuildConfiguration section */
		B789EF8E29C315D40009BA59 /* Debug */ = {
			isa = XCBuildConfiguration;
			buildSettings = {
				ALWAYS_SEARCH_USER_PATHS = NO;
				CLANG_ANALYZER_NONNULL = YES;
				CLANG_ANALYZER_NUMBER_OBJECT_CONVERSION = YES_AGGRESSIVE;
				CLANG_CXX_LANGUAGE_STANDARD = "gnu++20";
				CLANG_ENABLE_MODULES = YES;
				CLANG_ENABLE_OBJC_ARC = YES;
				CLANG_ENABLE_OBJC_WEAK = YES;
				CLANG_WARN_BLOCK_CAPTURE_AUTORELEASING = YES;
				CLANG_WARN_BOOL_CONVERSION = YES;
				CLANG_WARN_COMMA = YES;
				CLANG_WARN_CONSTANT_CONVERSION = YES;
				CLANG_WARN_DEPRECATED_OBJC_IMPLEMENTATIONS = YES;
				CLANG_WARN_DIRECT_OBJC_ISA_USAGE = YES_ERROR;
				CLANG_WARN_DOCUMENTATION_COMMENTS = YES;
				CLANG_WARN_EMPTY_BODY = YES;
				CLANG_WARN_ENUM_CONVERSION = YES;
				CLANG_WARN_INFINITE_RECURSION = YES;
				CLANG_WARN_INT_CONVERSION = YES;
				CLANG_WARN_NON_LITERAL_NULL_CONVERSION = YES;
				CLANG_WARN_OBJC_IMPLICIT_RETAIN_SELF = YES;
				CLANG_WARN_OBJC_LITERAL_CONVERSION = YES;
				CLANG_WARN_OBJC_ROOT_CLASS = YES_ERROR;
				CLANG_WARN_QUOTED_INCLUDE_IN_FRAMEWORK_HEADER = YES;
				CLANG_WARN_RANGE_LOOP_ANALYSIS = YES;
				CLANG_WARN_STRICT_PROTOTYPES = YES;
				CLANG_WARN_SUSPICIOUS_MOVE = YES;
				CLANG_WARN_UNGUARDED_AVAILABILITY = YES_AGGRESSIVE;
				CLANG_WARN_UNREACHABLE_CODE = YES;
				CLANG_WARN__DUPLICATE_METHOD_MATCH = YES;
				COPY_PHASE_STRIP = NO;
				DEBUG_INFORMATION_FORMAT = dwarf;
				ENABLE_STRICT_OBJC_MSGSEND = YES;
				ENABLE_TESTABILITY = YES;
				GCC_C_LANGUAGE_STANDARD = gnu11;
				GCC_DYNAMIC_NO_PIC = NO;
				GCC_NO_COMMON_BLOCKS = YES;
				GCC_OPTIMIZATION_LEVEL = 0;
				GCC_PREPROCESSOR_DEFINITIONS = (
					"DEBUG=1",
					"$(inherited)",
				);
				GCC_WARN_64_TO_32_BIT_CONVERSION = YES;
				GCC_WARN_ABOUT_RETURN_TYPE = YES_ERROR;
				GCC_WARN_UNDECLARED_SELECTOR = YES;
				GCC_WARN_UNINITIALIZED_AUTOS = YES_AGGRESSIVE;
				GCC_WARN_UNUSED_FUNCTION = YES;
				GCC_WARN_UNUSED_VARIABLE = YES;
				IPHONEOS_DEPLOYMENT_TARGET = 16.2;
				MTL_ENABLE_DEBUG_INFO = INCLUDE_SOURCE;
				MTL_FAST_MATH = YES;
				ONLY_ACTIVE_ARCH = YES;
				SDKROOT = iphoneos;
				SWIFT_ACTIVE_COMPILATION_CONDITIONS = DEBUG;
				SWIFT_OPTIMIZATION_LEVEL = "-Onone";
			};
			name = Debug;
		};
		B789EF8F29C315D40009BA59 /* Release */ = {
			isa = XCBuildConfiguration;
			buildSettings = {
				ALWAYS_SEARCH_USER_PATHS = NO;
				CLANG_ANALYZER_NONNULL = YES;
				CLANG_ANALYZER_NUMBER_OBJECT_CONVERSION = YES_AGGRESSIVE;
				CLANG_CXX_LANGUAGE_STANDARD = "gnu++20";
				CLANG_ENABLE_MODULES = YES;
				CLANG_ENABLE_OBJC_ARC = YES;
				CLANG_ENABLE_OBJC_WEAK = YES;
				CLANG_WARN_BLOCK_CAPTURE_AUTORELEASING = YES;
				CLANG_WARN_BOOL_CONVERSION = YES;
				CLANG_WARN_COMMA = YES;
				CLANG_WARN_CONSTANT_CONVERSION = YES;
				CLANG_WARN_DEPRECATED_OBJC_IMPLEMENTATIONS = YES;
				CLANG_WARN_DIRECT_OBJC_ISA_USAGE = YES_ERROR;
				CLANG_WARN_DOCUMENTATION_COMMENTS = YES;
				CLANG_WARN_EMPTY_BODY = YES;
				CLANG_WARN_ENUM_CONVERSION = YES;
				CLANG_WARN_INFINITE_RECURSION = YES;
				CLANG_WARN_INT_CONVERSION = YES;
				CLANG_WARN_NON_LITERAL_NULL_CONVERSION = YES;
				CLANG_WARN_OBJC_IMPLICIT_RETAIN_SELF = YES;
				CLANG_WARN_OBJC_LITERAL_CONVERSION = YES;
				CLANG_WARN_OBJC_ROOT_CLASS = YES_ERROR;
				CLANG_WARN_QUOTED_INCLUDE_IN_FRAMEWORK_HEADER = YES;
				CLANG_WARN_RANGE_LOOP_ANALYSIS = YES;
				CLANG_WARN_STRICT_PROTOTYPES = YES;
				CLANG_WARN_SUSPICIOUS_MOVE = YES;
				CLANG_WARN_UNGUARDED_AVAILABILITY = YES_AGGRESSIVE;
				CLANG_WARN_UNREACHABLE_CODE = YES;
				CLANG_WARN__DUPLICATE_METHOD_MATCH = YES;
				COPY_PHASE_STRIP = NO;
				DEBUG_INFORMATION_FORMAT = "dwarf-with-dsym";
				ENABLE_NS_ASSERTIONS = NO;
				ENABLE_STRICT_OBJC_MSGSEND = YES;
				GCC_C_LANGUAGE_STANDARD = gnu11;
				GCC_NO_COMMON_BLOCKS = YES;
				GCC_WARN_64_TO_32_BIT_CONVERSION = YES;
				GCC_WARN_ABOUT_RETURN_TYPE = YES_ERROR;
				GCC_WARN_UNDECLARED_SELECTOR = YES;
				GCC_WARN_UNINITIALIZED_AUTOS = YES_AGGRESSIVE;
				GCC_WARN_UNUSED_FUNCTION = YES;
				GCC_WARN_UNUSED_VARIABLE = YES;
				IPHONEOS_DEPLOYMENT_TARGET = 16.2;
				MTL_ENABLE_DEBUG_INFO = NO;
				MTL_FAST_MATH = YES;
				SDKROOT = iphoneos;
				SWIFT_COMPILATION_MODE = wholemodule;
				SWIFT_OPTIMIZATION_LEVEL = "-O";
				VALIDATE_PRODUCT = YES;
			};
			name = Release;
		};
		B789EF9129C315D40009BA59 /* Debug */ = {
			isa = XCBuildConfiguration;
			buildSettings = {
				ASSETCATALOG_COMPILER_APPICON_NAME = AppIcon;
				ASSETCATALOG_COMPILER_GLOBAL_ACCENT_COLOR_NAME = AccentColor;
				CODE_SIGN_STYLE = Automatic;
				CURRENT_PROJECT_VERSION = 1;
				DEVELOPMENT_ASSET_PATHS = "\"FestivalMobileApp/Preview Content\"";
				ENABLE_PREVIEWS = YES;
				GENERATE_INFOPLIST_FILE = YES;
				INFOPLIST_KEY_UIApplicationSceneManifest_Generation = YES;
				INFOPLIST_KEY_UIApplicationSupportsIndirectInputEvents = YES;
				INFOPLIST_KEY_UILaunchScreen_Generation = YES;
				INFOPLIST_KEY_UISupportedInterfaceOrientations_iPad = "UIInterfaceOrientationPortrait UIInterfaceOrientationPortraitUpsideDown UIInterfaceOrientationLandscapeLeft UIInterfaceOrientationLandscapeRight";
				INFOPLIST_KEY_UISupportedInterfaceOrientations_iPhone = "UIInterfaceOrientationPortrait UIInterfaceOrientationLandscapeLeft UIInterfaceOrientationLandscapeRight";
				LD_RUNPATH_SEARCH_PATHS = (
					"$(inherited)",
					"@executable_path/Frameworks",
				);
				MARKETING_VERSION = 1.0;
				PRODUCT_BUNDLE_IDENTIFIER = id.FestivalMobileApp;
				PRODUCT_NAME = "$(TARGET_NAME)";
				SWIFT_EMIT_LOC_STRINGS = YES;
				SWIFT_VERSION = 5.0;
				TARGETED_DEVICE_FAMILY = "1,2";
			};
			name = Debug;
		};
		B789EF9229C315D40009BA59 /* Release */ = {
			isa = XCBuildConfiguration;
			buildSettings = {
				ASSETCATALOG_COMPILER_APPICON_NAME = AppIcon;
				ASSETCATALOG_COMPILER_GLOBAL_ACCENT_COLOR_NAME = AccentColor;
				CODE_SIGN_STYLE = Automatic;
				CURRENT_PROJECT_VERSION = 1;
				DEVELOPMENT_ASSET_PATHS = "\"FestivalMobileApp/Preview Content\"";
				ENABLE_PREVIEWS = YES;
				GENERATE_INFOPLIST_FILE = YES;
				INFOPLIST_KEY_UIApplicationSceneManifest_Generation = YES;
				INFOPLIST_KEY_UIApplicationSupportsIndirectInputEvents = YES;
				INFOPLIST_KEY_UILaunchScreen_Generation = YES;
				INFOPLIST_KEY_UISupportedInterfaceOrientations_iPad = "UIInterfaceOrientationPortrait UIInterfaceOrientationPortraitUpsideDown UIInterfaceOrientationLandscapeLeft UIInterfaceOrientationLandscapeRight";
				INFOPLIST_KEY_UISupportedInterfaceOrientations_iPhone = "UIInterfaceOrientationPortrait UIInterfaceOrientationLandscapeLeft UIInterfaceOrientationLandscapeRight";
				LD_RUNPATH_SEARCH_PATHS = (
					"$(inherited)",
					"@executable_path/Frameworks",
				);
				MARKETING_VERSION = 1.0;
				PRODUCT_BUNDLE_IDENTIFIER = id.FestivalMobileApp;
				PRODUCT_NAME = "$(TARGET_NAME)";
				SWIFT_EMIT_LOC_STRINGS = YES;
				SWIFT_VERSION = 5.0;
				TARGETED_DEVICE_FAMILY = "1,2";
			};
			name = Release;
		};
/* End XCBuildConfiguration section */

/* Begin XCConfigurationList section */
		B789EF7D29C315D30009BA59 /* Build configuration list for PBXProject "FestivalMobileApp" */ = {
			isa = XCConfigurationList;
			buildConfigurations = (
				B789EF8E29C315D40009BA59 /* Debug */,
				B789EF8F29C315D40009BA59 /* Release */,
			);
			defaultConfigurationIsVisible = 0;
			defaultConfigurationName = Release;
		};
		B789EF9029C315D40009BA59 /* Build configuration list for PBXNativeTarget "FestivalMobileApp" */ = {
			isa = XCConfigurationList;
			buildConfigurations = (
				B789EF9129C315D40009BA59 /* Debug */,
				B789EF9229C315D40009BA59 /* Release */,
			);
			defaultConfigurationIsVisible = 0;
			defaultConfigurationName = Release;
		};
/* End XCConfigurationList section */
	};
	rootObject = B789EF7A29C315D30009BA59 /* Project object */;
}
